
Microsoft Visual Studio Solution File, Format Version 12.00
# Visual Studio Version 16
VisualStudioVersion = 16.0.30114.105
MinimumVisualStudioVersion = 10.0.40219.1
Project("{FAE04EC0-301F-11D3-BF4B-00C04F79EFBC}") = "ReportManager", "ReportManager\ReportManager.csproj", "{67152904-C260-416A-8D14-DCBDA00369ED}"
EndProject
Global
	GlobalSection(SolutionConfigurationPlatforms) = preSolution
		Debug|Any CPU = Debug|Any CPU
		Release|Any CPU = Release|Any CPU
	EndGlobalSection
	GlobalSection(ProjectConfigurationPlatforms) = postSolution
		{67152904-C260-416A-8D14-DCBDA00369ED}.Debug|Any CPU.ActiveCfg = Debug|Any CPU
		{67152904-C260-416A-8D14-DCBDA00369ED}.Debug|Any CPU.Build.0 = Debug|Any CPU
		{67152904-C260-416A-8D14-DCBDA00369ED}.Release|Any CPU.ActiveCfg = Release|Any CPU
		{67152904-C260-416A-8D14-DCBDA00369ED}.Release|Any CPU.Build.0 = Release|Any CPU
	EndGlobalSection
	GlobalSection(SolutionProperties) = preSolution
		HideSolutionNode = FALSE
	EndGlobalSection
	GlobalSection(ExtensibilityGlobals) = postSolution
		SolutionGuid = {A1677309-CAB8-42FE-8B92-198C317BFCBD}
	EndGlobalSection
EndGlobal
